
Microsoft Visual Studio Solution File, Format Version 12.00
# Visual Studio 14
VisualStudioVersion = 14.0.25029.0
MinimumVisualStudioVersion = 10.0.40219.1
Project("{FAE04EC0-301F-11D3-BF4B-00C04F79EFBC}") = "Renci.Security.Cryptography.WindowsPhone80", "Renci.Security.Cryptography.WindowsPhone80\Renci.Security.Cryptography.WindowsPhone80.csproj", "{6640F3FF-3DE3-40DA-A043-438009D9E8C0}"
EndProject
Project("{FAE04EC0-301F-11D3-BF4B-00C04F79EFBC}") = "Renci.Security.Cryptography.NET20", "Renci.Security.Cryptography.NET20\Renci.Security.Cryptography.NET20.csproj", "{FF9FE022-4B50-4B6A-97EA-A2ECFD5DE783}"
EndProject
Project("{FAE04EC0-301F-11D3-BF4B-00C04F79EFBC}") = "Renci.Security.Cryptography.NET40", "Renci.Security.Cryptography.NET40\Renci.Security.Cryptography.NET40.csproj", "{6A8919D5-1801-42C8-90EC-36A0CA7A406D}"
EndProject
Project("{FAE04EC0-301F-11D3-BF4B-00C04F79EFBC}") = "Renci.Security.Cryptography.NET20.Tests", "..\test\Renci.Security.Cryptography.NET20.Tests\Renci.Security.Cryptography.NET20.Tests.csproj", "{30271F90-FF2A-4427-BF88-8EA37CA6110A}"
EndProject
Project("{FAE04EC0-301F-11D3-BF4B-00C04F79EFBC}") = "Renci.Common.Tests", "..\test\Renci.Common.Tests\Renci.Common.Tests.csproj", "{0D8EFC67-5014-419E-AC36-EEDDADAC508A}"
EndProject
Project("{FAE04EC0-301F-11D3-BF4B-00C04F79EFBC}") = "Renci.Security.Cryptography.NET40.Tests", "..\test\Renci.Security.Cryptography.NET40.Tests\Renci.Security.Cryptography.NET40.Tests.csproj", "{D1C3BADA-73AC-41B7-B6D0-629C3B75BBD0}"
EndProject
Project("{FAE04EC0-301F-11D3-BF4B-00C04F79EFBC}") = "Renci.Security.Cryptography.Silverlight5", "Renci.Security.Cryptography.Silverlight5\Renci.Security.Cryptography.Silverlight5.csproj", "{AA7BB3E4-6146-432A-A472-5A5319050EE4}"
EndProject
Project("{FAE04EC0-301F-11D3-BF4B-00C04F79EFBC}") = "Renci.Security.Cryptography.UAP10", "Renci.Security.Cryptography.UAP10\Renci.Security.Cryptography.UAP10.csproj", "{427E4B4A-5245-45B5-B101-2556C9224C88}"
EndProject
Project("{FAE04EC0-301F-11D3-BF4B-00C04F79EFBC}") = "Renci.Security.Cryptography.UAP10.Tests", "..\test\Renci.Security.Cryptography.UAP10.Tests\Renci.Security.Cryptography.UAP10.Tests.csproj", "{E858F606-5EC2-41E0-B7ED-34BDF6D52A29}"
EndProject
Project("{D954291E-2A0B-460D-934E-DC6B0785DB48}") = "Renci.Security.Cryptography.Shared", "..\test\Renci.Security.Cryptography.Shared\Renci.Security.Cryptography.Shared.shproj", "{7041AE9E-89F9-4C4A-8EC7-BBAC5B22B39D}"
EndProject
Global
	GlobalSection(SharedMSBuildProjectFiles) = preSolution
		..\test\Renci.Security.Cryptography.Shared\Renci.Security.Cryptography.Shared.projitems*{e858f606-5ec2-41e0-b7ed-34bdf6d52a29}*SharedItemsImports = 4
		..\test\Renci.Security.Cryptography.Shared\Renci.Security.Cryptography.Shared.projitems*{7041ae9e-89f9-4c4a-8ec7-bbac5b22b39d}*SharedItemsImports = 13
	EndGlobalSection
	GlobalSection(SolutionConfigurationPlatforms) = preSolution
		Debug|Any CPU = Debug|Any CPU
		Debug|ARM = Debug|ARM
		Debug|x64 = Debug|x64
		Debug|x86 = Debug|x86
		Release|Any CPU = Release|Any CPU
		Release|ARM = Release|ARM
		Release|x64 = Release|x64
		Release|x86 = Release|x86
	EndGlobalSection
	GlobalSection(ProjectConfigurationPlatforms) = postSolution
		{6640F3FF-3DE3-40DA-A043-438009D9E8C0}.Debug|Any CPU.ActiveCfg = Debug|Any CPU
		{6640F3FF-3DE3-40DA-A043-438009D9E8C0}.Debug|Any CPU.Build.0 = Debug|Any CPU
		{6640F3FF-3DE3-40DA-A043-438009D9E8C0}.Debug|ARM.ActiveCfg = Debug|ARM
		{6640F3FF-3DE3-40DA-A043-438009D9E8C0}.Debug|ARM.Build.0 = Debug|ARM
		{6640F3FF-3DE3-40DA-A043-438009D9E8C0}.Debug|x64.ActiveCfg = Debug|Any CPU
		{6640F3FF-3DE3-40DA-A043-438009D9E8C0}.Debug|x86.ActiveCfg = Debug|x86
		{6640F3FF-3DE3-40DA-A043-438009D9E8C0}.Debug|x86.Build.0 = Debug|x86
		{6640F3FF-3DE3-40DA-A043-438009D9E8C0}.Release|Any CPU.ActiveCfg = Release|Any CPU
		{6640F3FF-3DE3-40DA-A043-438009D9E8C0}.Release|Any CPU.Build.0 = Release|Any CPU
		{6640F3FF-3DE3-40DA-A043-438009D9E8C0}.Release|ARM.ActiveCfg = Release|ARM
		{6640F3FF-3DE3-40DA-A043-438009D9E8C0}.Release|ARM.Build.0 = Release|ARM
		{6640F3FF-3DE3-40DA-A043-438009D9E8C0}.Release|x64.ActiveCfg = Release|Any CPU
		{6640F3FF-3DE3-40DA-A043-438009D9E8C0}.Release|x86.ActiveCfg = Release|x86
		{6640F3FF-3DE3-40DA-A043-438009D9E8C0}.Release|x86.Build.0 = Release|x86
		{FF9FE022-4B50-4B6A-97EA-A2ECFD5DE783}.Debug|Any CPU.ActiveCfg = Debug|Any CPU
		{FF9FE022-4B50-4B6A-97EA-A2ECFD5DE783}.Debug|Any CPU.Build.0 = Debug|Any CPU
		{FF9FE022-4B50-4B6A-97EA-A2ECFD5DE783}.Debug|ARM.ActiveCfg = Debug|Any CPU
		{FF9FE022-4B50-4B6A-97EA-A2ECFD5DE783}.Debug|x64.ActiveCfg = Debug|Any CPU
		{FF9FE022-4B50-4B6A-97EA-A2ECFD5DE783}.Debug|x86.ActiveCfg = Debug|Any CPU
		{FF9FE022-4B50-4B6A-97EA-A2ECFD5DE783}.Release|Any CPU.ActiveCfg = Release|Any CPU
		{FF9FE022-4B50-4B6A-97EA-A2ECFD5DE783}.Release|Any CPU.Build.0 = Release|Any CPU
		{FF9FE022-4B50-4B6A-97EA-A2ECFD5DE783}.Release|ARM.ActiveCfg = Release|Any CPU
		{FF9FE022-4B50-4B6A-97EA-A2ECFD5DE783}.Release|x64.ActiveCfg = Release|Any CPU
		{FF9FE022-4B50-4B6A-97EA-A2ECFD5DE783}.Release|x86.ActiveCfg = Release|Any CPU
		{6A8919D5-1801-42C8-90EC-36A0CA7A406D}.Debug|Any CPU.ActiveCfg = Debug|Any CPU
		{6A8919D5-1801-42C8-90EC-36A0CA7A406D}.Debug|Any CPU.Build.0 = Debug|Any CPU
		{6A8919D5-1801-42C8-90EC-36A0CA7A406D}.Debug|ARM.ActiveCfg = Debug|Any CPU
		{6A8919D5-1801-42C8-90EC-36A0CA7A406D}.Debug|x64.ActiveCfg = Debug|Any CPU
		{6A8919D5-1801-42C8-90EC-36A0CA7A406D}.Debug|x86.ActiveCfg = Debug|Any CPU
		{6A8919D5-1801-42C8-90EC-36A0CA7A406D}.Release|Any CPU.ActiveCfg = Release|Any CPU
		{6A8919D5-1801-42C8-90EC-36A0CA7A406D}.Release|Any CPU.Build.0 = Release|Any CPU
		{6A8919D5-1801-42C8-90EC-36A0CA7A406D}.Release|ARM.ActiveCfg = Release|Any CPU
		{6A8919D5-1801-42C8-90EC-36A0CA7A406D}.Release|x64.ActiveCfg = Release|Any CPU
		{6A8919D5-1801-42C8-90EC-36A0CA7A406D}.Release|x86.ActiveCfg = Release|Any CPU
		{30271F90-FF2A-4427-BF88-8EA37CA6110A}.Debug|Any CPU.ActiveCfg = Debug|Any CPU
		{30271F90-FF2A-4427-BF88-8EA37CA6110A}.Debug|Any CPU.Build.0 = Debug|Any CPU
		{30271F90-FF2A-4427-BF88-8EA37CA6110A}.Debug|ARM.ActiveCfg = Debug|Any CPU
		{30271F90-FF2A-4427-BF88-8EA37CA6110A}.Debug|x64.ActiveCfg = Debug|Any CPU
		{30271F90-FF2A-4427-BF88-8EA37CA6110A}.Debug|x86.ActiveCfg = Debug|Any CPU
		{30271F90-FF2A-4427-BF88-8EA37CA6110A}.Release|Any CPU.ActiveCfg = Release|Any CPU
		{30271F90-FF2A-4427-BF88-8EA37CA6110A}.Release|Any CPU.Build.0 = Release|Any CPU
		{30271F90-FF2A-4427-BF88-8EA37CA6110A}.Release|ARM.ActiveCfg = Release|Any CPU
		{30271F90-FF2A-4427-BF88-8EA37CA6110A}.Release|x64.ActiveCfg = Release|Any CPU
		{30271F90-FF2A-4427-BF88-8EA37CA6110A}.Release|x86.ActiveCfg = Release|Any CPU
		{0D8EFC67-5014-419E-AC36-EEDDADAC508A}.Debug|Any CPU.ActiveCfg = Debug|Any CPU
		{0D8EFC67-5014-419E-AC36-EEDDADAC508A}.Debug|Any CPU.Build.0 = Debug|Any CPU
		{0D8EFC67-5014-419E-AC36-EEDDADAC508A}.Debug|ARM.ActiveCfg = Debug|Any CPU
		{0D8EFC67-5014-419E-AC36-EEDDADAC508A}.Debug|x64.ActiveCfg = Debug|Any CPU
		{0D8EFC67-5014-419E-AC36-EEDDADAC508A}.Debug|x86.ActiveCfg = Debug|Any CPU
		{0D8EFC67-5014-419E-AC36-EEDDADAC508A}.Release|Any CPU.ActiveCfg = Release|Any CPU
		{0D8EFC67-5014-419E-AC36-EEDDADAC508A}.Release|Any CPU.Build.0 = Release|Any CPU
		{0D8EFC67-5014-419E-AC36-EEDDADAC508A}.Release|ARM.ActiveCfg = Release|Any CPU
		{0D8EFC67-5014-419E-AC36-EEDDADAC508A}.Release|x64.ActiveCfg = Release|Any CPU
		{0D8EFC67-5014-419E-AC36-EEDDADAC508A}.Release|x86.ActiveCfg = Release|Any CPU
		{D1C3BADA-73AC-41B7-B6D0-629C3B75BBD0}.Debug|Any CPU.ActiveCfg = Debug|Any CPU
		{D1C3BADA-73AC-41B7-B6D0-629C3B75BBD0}.Debug|Any CPU.Build.0 = Debug|Any CPU
		{D1C3BADA-73AC-41B7-B6D0-629C3B75BBD0}.Debug|ARM.ActiveCfg = Debug|Any CPU
		{D1C3BADA-73AC-41B7-B6D0-629C3B75BBD0}.Debug|x64.ActiveCfg = Debug|Any CPU
		{D1C3BADA-73AC-41B7-B6D0-629C3B75BBD0}.Debug|x86.ActiveCfg = Debug|Any CPU
		{D1C3BADA-73AC-41B7-B6D0-629C3B75BBD0}.Release|Any CPU.ActiveCfg = Release|Any CPU
		{D1C3BADA-73AC-41B7-B6D0-629C3B75BBD0}.Release|Any CPU.Build.0 = Release|Any CPU
		{D1C3BADA-73AC-41B7-B6D0-629C3B75BBD0}.Release|ARM.ActiveCfg = Release|Any CPU
		{D1C3BADA-73AC-41B7-B6D0-629C3B75BBD0}.Release|x64.ActiveCfg = Release|Any CPU
		{D1C3BADA-73AC-41B7-B6D0-629C3B75BBD0}.Release|x86.ActiveCfg = Release|Any CPU
		{AA7BB3E4-6146-432A-A472-5A5319050EE4}.Debug|Any CPU.ActiveCfg = Debug|Any CPU
		{AA7BB3E4-6146-432A-A472-5A5319050EE4}.Debug|Any CPU.Build.0 = Debug|Any CPU
		{AA7BB3E4-6146-432A-A472-5A5319050EE4}.Debug|ARM.ActiveCfg = Debug|Any CPU
		{AA7BB3E4-6146-432A-A472-5A5319050EE4}.Debug|x64.ActiveCfg = Debug|Any CPU
		{AA7BB3E4-6146-432A-A472-5A5319050EE4}.Debug|x86.ActiveCfg = Debug|Any CPU
		{AA7BB3E4-6146-432A-A472-5A5319050EE4}.Release|Any CPU.ActiveCfg = Release|Any CPU
		{AA7BB3E4-6146-432A-A472-5A5319050EE4}.Release|Any CPU.Build.0 = Release|Any CPU
		{AA7BB3E4-6146-432A-A472-5A5319050EE4}.Release|ARM.ActiveCfg = Release|Any CPU
		{AA7BB3E4-6146-432A-A472-5A5319050EE4}.Release|x64.ActiveCfg = Release|Any CPU
		{AA7BB3E4-6146-432A-A472-5A5319050EE4}.Release|x86.ActiveCfg = Release|Any CPU
		{427E4B4A-5245-45B5-B101-2556C9224C88}.Debug|Any CPU.ActiveCfg = Debug|Any CPU
		{427E4B4A-5245-45B5-B101-2556C9224C88}.Debug|Any CPU.Build.0 = Debug|Any CPU
		{427E4B4A-5245-45B5-B101-2556C9224C88}.Debug|ARM.ActiveCfg = Debug|ARM
		{427E4B4A-5245-45B5-B101-2556C9224C88}.Debug|ARM.Build.0 = Debug|ARM
		{427E4B4A-5245-45B5-B101-2556C9224C88}.Debug|x64.ActiveCfg = Debug|x64
		{427E4B4A-5245-45B5-B101-2556C9224C88}.Debug|x64.Build.0 = Debug|x64
		{427E4B4A-5245-45B5-B101-2556C9224C88}.Debug|x86.ActiveCfg = Debug|x86
		{427E4B4A-5245-45B5-B101-2556C9224C88}.Debug|x86.Build.0 = Debug|x86
		{427E4B4A-5245-45B5-B101-2556C9224C88}.Release|Any CPU.ActiveCfg = Release|Any CPU
		{427E4B4A-5245-45B5-B101-2556C9224C88}.Release|Any CPU.Build.0 = Release|Any CPU
		{427E4B4A-5245-45B5-B101-2556C9224C88}.Release|ARM.ActiveCfg = Release|ARM
		{427E4B4A-5245-45B5-B101-2556C9224C88}.Release|ARM.Build.0 = Release|ARM
		{427E4B4A-5245-45B5-B101-2556C9224C88}.Release|x64.ActiveCfg = Release|x64
		{427E4B4A-5245-45B5-B101-2556C9224C88}.Release|x64.Build.0 = Release|x64
		{427E4B4A-5245-45B5-B101-2556C9224C88}.Release|x86.ActiveCfg = Release|x86
		{427E4B4A-5245-45B5-B101-2556C9224C88}.Release|x86.Build.0 = Release|x86
		{E858F606-5EC2-41E0-B7ED-34BDF6D52A29}.Debug|Any CPU.ActiveCfg = Debug|x86
		{E858F606-5EC2-41E0-B7ED-34BDF6D52A29}.Debug|ARM.ActiveCfg = Debug|ARM
		{E858F606-5EC2-41E0-B7ED-34BDF6D52A29}.Debug|ARM.Build.0 = Debug|ARM
		{E858F606-5EC2-41E0-B7ED-34BDF6D52A29}.Debug|ARM.Deploy.0 = Debug|ARM
		{E858F606-5EC2-41E0-B7ED-34BDF6D52A29}.Debug|x64.ActiveCfg = Debug|x64
		{E858F606-5EC2-41E0-B7ED-34BDF6D52A29}.Debug|x64.Build.0 = Debug|x64
		{E858F606-5EC2-41E0-B7ED-34BDF6D52A29}.Debug|x64.Deploy.0 = Debug|x64
		{E858F606-5EC2-41E0-B7ED-34BDF6D52A29}.Debug|x86.ActiveCfg = Debug|x86
		{E858F606-5EC2-41E0-B7ED-34BDF6D52A29}.Debug|x86.Build.0 = Debug|x86
		{E858F606-5EC2-41E0-B7ED-34BDF6D52A29}.Debug|x86.Deploy.0 = Debug|x86
		{E858F606-5EC2-41E0-B7ED-34BDF6D52A29}.Release|Any CPU.ActiveCfg = Release|x86
		{E858F606-5EC2-41E0-B7ED-34BDF6D52A29}.Release|ARM.ActiveCfg = Release|ARM
		{E858F606-5EC2-41E0-B7ED-34BDF6D52A29}.Release|ARM.Build.0 = Release|ARM
		{E858F606-5EC2-41E0-B7ED-34BDF6D52A29}.Release|ARM.Deploy.0 = Release|ARM
		{E858F606-5EC2-41E0-B7ED-34BDF6D52A29}.Release|x64.ActiveCfg = Release|x64
		{E858F606-5EC2-41E0-B7ED-34BDF6D52A29}.Release|x64.Build.0 = Release|x64
		{E858F606-5EC2-41E0-B7ED-34BDF6D52A29}.Release|x64.Deploy.0 = Release|x64
		{E858F606-5EC2-41E0-B7ED-34BDF6D52A29}.Release|x86.ActiveCfg = Release|x86
		{E858F606-5EC2-41E0-B7ED-34BDF6D52A29}.Release|x86.Build.0 = Release|x86
		{E858F606-5EC2-41E0-B7ED-34BDF6D52A29}.Release|x86.Deploy.0 = Release|x86
	EndGlobalSection
	GlobalSection(SolutionProperties) = preSolution
		HideSolutionNode = FALSE
	EndGlobalSection
EndGlobal
