
Microsoft Visual Studio Solution File, Format Version 12.00
# Visual Studio 14
VisualStudioVersion = 14.0.24720.0
MinimumVisualStudioVersion = 10.0.40219.1
Project("{FAE04EC0-301F-11D3-BF4B-00C04F79EFBC}") = "Renci.Security.Cryptography.WindowsPhone71", "Renci.Security.Cryptography.WindowsPhone71\Renci.Security.Cryptography.WindowsPhone71.VS2015.csproj", "{502AFD0A-1084-4EFF-851B-E808B707E038}"
EndProject
Project("{FAE04EC0-301F-11D3-BF4B-00C04F79EFBC}") = "Renci.Security.Cryptography.WindowsPhone80", "Renci.Security.Cryptography.WindowsPhone80\Renci.Security.Cryptography.WindowsPhone80.csproj", "{6640F3FF-3DE3-40DA-A043-438009D9E8C0}"
EndProject
Project("{FAE04EC0-301F-11D3-BF4B-00C04F79EFBC}") = "Renci.Security.Cryptography.NET20", "Renci.Security.Cryptography.NET20\Renci.Security.Cryptography.NET20.csproj", "{FF9FE022-4B50-4B6A-97EA-A2ECFD5DE783}"
EndProject
Project("{FAE04EC0-301F-11D3-BF4B-00C04F79EFBC}") = "Renci.Security.Cryptography.NET40", "Renci.Security.Cryptography.NET40\Renci.Security.Cryptography.NET40.csproj", "{6A8919D5-1801-42C8-90EC-36A0CA7A406D}"
EndProject
Project("{FAE04EC0-301F-11D3-BF4B-00C04F79EFBC}") = "Renci.Security.Cryptography.NET20.Tests", "..\test\Renci.Security.Cryptography.NET20.Tests\Renci.Security.Cryptography.NET20.Tests.csproj", "{30271F90-FF2A-4427-BF88-8EA37CA6110A}"
EndProject
Project("{FAE04EC0-301F-11D3-BF4B-00C04F79EFBC}") = "Renci.Common.Tests", "..\test\Renci.Common.Tests\Renci.Common.Tests.csproj", "{0D8EFC67-5014-419E-AC36-EEDDADAC508A}"
EndProject
Project("{FAE04EC0-301F-11D3-BF4B-00C04F79EFBC}") = "Renci.Security.Cryptography.NET40.Tests", "..\test\Renci.Security.Cryptography.NET40.Tests\Renci.Security.Cryptography.NET40.Tests.csproj", "{D1C3BADA-73AC-41B7-B6D0-629C3B75BBD0}"
EndProject
Project("{FAE04EC0-301F-11D3-BF4B-00C04F79EFBC}") = "Renci.Security.Cryptography.Silverlight4", "Renci.Security.Cryptography.Silverlight4\Renci.Security.Cryptography.Silverlight4.VS2015.csproj", "{17B0CC1F-2BFB-4B17-A1D2-4F800962A475}"
EndProject
Project("{FAE04EC0-301F-11D3-BF4B-00C04F79EFBC}") = "Renci.Security.Cryptography.Silverlight5", "Renci.Security.Cryptography.Silverlight5\Renci.Security.Cryptography.Silverlight5.csproj", "{AA7BB3E4-6146-432A-A472-5A5319050EE4}"
EndProject
Global
	GlobalSection(SolutionConfigurationPlatforms) = preSolution
		Debug|Any CPU = Debug|Any CPU
		Debug|ARM = Debug|ARM
		Debug|x64 = Debug|x64
		Debug|x86 = Debug|x86
		Release|Any CPU = Release|Any CPU
		Release|ARM = Release|ARM
		Release|x64 = Release|x64
		Release|x86 = Release|x86
	EndGlobalSection
	GlobalSection(ProjectConfigurationPlatforms) = postSolution
		{502AFD0A-1084-4EFF-851B-E808B707E038}.Debug|Any CPU.ActiveCfg = Debug|Any CPU
		{502AFD0A-1084-4EFF-851B-E808B707E038}.Debug|Any CPU.Build.0 = Debug|Any CPU
		{502AFD0A-1084-4EFF-851B-E808B707E038}.Debug|ARM.ActiveCfg = Debug|Any CPU
		{502AFD0A-1084-4EFF-851B-E808B707E038}.Debug|x64.ActiveCfg = Debug|Any CPU
		{502AFD0A-1084-4EFF-851B-E808B707E038}.Debug|x86.ActiveCfg = Debug|Any CPU
		{502AFD0A-1084-4EFF-851B-E808B707E038}.Release|Any CPU.ActiveCfg = Release|Any CPU
		{502AFD0A-1084-4EFF-851B-E808B707E038}.Release|Any CPU.Build.0 = Release|Any CPU
		{502AFD0A-1084-4EFF-851B-E808B707E038}.Release|ARM.ActiveCfg = Release|Any CPU
		{502AFD0A-1084-4EFF-851B-E808B707E038}.Release|x64.ActiveCfg = Release|Any CPU
		{502AFD0A-1084-4EFF-851B-E808B707E038}.Release|x86.ActiveCfg = Release|Any CPU
		{6640F3FF-3DE3-40DA-A043-438009D9E8C0}.Debug|Any CPU.ActiveCfg = Debug|Any CPU
		{6640F3FF-3DE3-40DA-A043-438009D9E8C0}.Debug|Any CPU.Build.0 = Debug|Any CPU
		{6640F3FF-3DE3-40DA-A043-438009D9E8C0}.Debug|ARM.ActiveCfg = Debug|ARM
		{6640F3FF-3DE3-40DA-A043-438009D9E8C0}.Debug|ARM.Build.0 = Debug|ARM
		{6640F3FF-3DE3-40DA-A043-438009D9E8C0}.Debug|x64.ActiveCfg = Debug|Any CPU
		{6640F3FF-3DE3-40DA-A043-438009D9E8C0}.Debug|x86.ActiveCfg = Debug|x86
		{6640F3FF-3DE3-40DA-A043-438009D9E8C0}.Debug|x86.Build.0 = Debug|x86
		{6640F3FF-3DE3-40DA-A043-438009D9E8C0}.Release|Any CPU.ActiveCfg = Release|Any CPU
		{6640F3FF-3DE3-40DA-A043-438009D9E8C0}.Release|Any CPU.Build.0 = Release|Any CPU
		{6640F3FF-3DE3-40DA-A043-438009D9E8C0}.Release|ARM.ActiveCfg = Release|ARM
		{6640F3FF-3DE3-40DA-A043-438009D9E8C0}.Release|ARM.Build.0 = Release|ARM
		{6640F3FF-3DE3-40DA-A043-438009D9E8C0}.Release|x64.ActiveCfg = Release|Any CPU
		{6640F3FF-3DE3-40DA-A043-438009D9E8C0}.Release|x86.ActiveCfg = Release|x86
		{6640F3FF-3DE3-40DA-A043-438009D9E8C0}.Release|x86.Build.0 = Release|x86
		{FF9FE022-4B50-4B6A-97EA-A2ECFD5DE783}.Debug|Any CPU.ActiveCfg = Debug|Any CPU
		{FF9FE022-4B50-4B6A-97EA-A2ECFD5DE783}.Debug|Any CPU.Build.0 = Debug|Any CPU
		{FF9FE022-4B50-4B6A-97EA-A2ECFD5DE783}.Debug|ARM.ActiveCfg = Debug|Any CPU
		{FF9FE022-4B50-4B6A-97EA-A2ECFD5DE783}.Debug|x64.ActiveCfg = Debug|Any CPU
		{FF9FE022-4B50-4B6A-97EA-A2ECFD5DE783}.Debug|x86.ActiveCfg = Debug|Any CPU
		{FF9FE022-4B50-4B6A-97EA-A2ECFD5DE783}.Release|Any CPU.ActiveCfg = Release|Any CPU
		{FF9FE022-4B50-4B6A-97EA-A2ECFD5DE783}.Release|Any CPU.Build.0 = Release|Any CPU
		{FF9FE022-4B50-4B6A-97EA-A2ECFD5DE783}.Release|ARM.ActiveCfg = Release|Any CPU
		{FF9FE022-4B50-4B6A-97EA-A2ECFD5DE783}.Release|x64.ActiveCfg = Release|Any CPU
		{FF9FE022-4B50-4B6A-97EA-A2ECFD5DE783}.Release|x86.ActiveCfg = Release|Any CPU
		{6A8919D5-1801-42C8-90EC-36A0CA7A406D}.Debug|Any CPU.ActiveCfg = Debug|Any CPU
		{6A8919D5-1801-42C8-90EC-36A0CA7A406D}.Debug|Any CPU.Build.0 = Debug|Any CPU
		{6A8919D5-1801-42C8-90EC-36A0CA7A406D}.Debug|ARM.ActiveCfg = Debug|Any CPU
		{6A8919D5-1801-42C8-90EC-36A0CA7A406D}.Debug|x64.ActiveCfg = Debug|Any CPU
		{6A8919D5-1801-42C8-90EC-36A0CA7A406D}.Debug|x86.ActiveCfg = Debug|Any CPU
		{6A8919D5-1801-42C8-90EC-36A0CA7A406D}.Release|Any CPU.ActiveCfg = Release|Any CPU
		{6A8919D5-1801-42C8-90EC-36A0CA7A406D}.Release|Any CPU.Build.0 = Release|Any CPU
		{6A8919D5-1801-42C8-90EC-36A0CA7A406D}.Release|ARM.ActiveCfg = Release|Any CPU
		{6A8919D5-1801-42C8-90EC-36A0CA7A406D}.Release|x64.ActiveCfg = Release|Any CPU
		{6A8919D5-1801-42C8-90EC-36A0CA7A406D}.Release|x86.ActiveCfg = Release|Any CPU
		{30271F90-FF2A-4427-BF88-8EA37CA6110A}.Debug|Any CPU.ActiveCfg = Debug|Any CPU
		{30271F90-FF2A-4427-BF88-8EA37CA6110A}.Debug|Any CPU.Build.0 = Debug|Any CPU
		{30271F90-FF2A-4427-BF88-8EA37CA6110A}.Debug|ARM.ActiveCfg = Debug|Any CPU
		{30271F90-FF2A-4427-BF88-8EA37CA6110A}.Debug|x64.ActiveCfg = Debug|Any CPU
		{30271F90-FF2A-4427-BF88-8EA37CA6110A}.Debug|x86.ActiveCfg = Debug|Any CPU
		{30271F90-FF2A-4427-BF88-8EA37CA6110A}.Release|Any CPU.ActiveCfg = Release|Any CPU
		{30271F90-FF2A-4427-BF88-8EA37CA6110A}.Release|Any CPU.Build.0 = Release|Any CPU
		{30271F90-FF2A-4427-BF88-8EA37CA6110A}.Release|ARM.ActiveCfg = Release|Any CPU
		{30271F90-FF2A-4427-BF88-8EA37CA6110A}.Release|x64.ActiveCfg = Release|Any CPU
		{30271F90-FF2A-4427-BF88-8EA37CA6110A}.Release|x86.ActiveCfg = Release|Any CPU
		{0D8EFC67-5014-419E-AC36-EEDDADAC508A}.Debug|Any CPU.ActiveCfg = Debug|Any CPU
		{0D8EFC67-5014-419E-AC36-EEDDADAC508A}.Debug|Any CPU.Build.0 = Debug|Any CPU
		{0D8EFC67-5014-419E-AC36-EEDDADAC508A}.Debug|ARM.ActiveCfg = Debug|Any CPU
		{0D8EFC67-5014-419E-AC36-EEDDADAC508A}.Debug|x64.ActiveCfg = Debug|Any CPU
		{0D8EFC67-5014-419E-AC36-EEDDADAC508A}.Debug|x86.ActiveCfg = Debug|Any CPU
		{0D8EFC67-5014-419E-AC36-EEDDADAC508A}.Release|Any CPU.ActiveCfg = Release|Any CPU
		{0D8EFC67-5014-419E-AC36-EEDDADAC508A}.Release|Any CPU.Build.0 = Release|Any CPU
		{0D8EFC67-5014-419E-AC36-EEDDADAC508A}.Release|ARM.ActiveCfg = Release|Any CPU
		{0D8EFC67-5014-419E-AC36-EEDDADAC508A}.Release|x64.ActiveCfg = Release|Any CPU
		{0D8EFC67-5014-419E-AC36-EEDDADAC508A}.Release|x86.ActiveCfg = Release|Any CPU
		{D1C3BADA-73AC-41B7-B6D0-629C3B75BBD0}.Debug|Any CPU.ActiveCfg = Debug|Any CPU
		{D1C3BADA-73AC-41B7-B6D0-629C3B75BBD0}.Debug|Any CPU.Build.0 = Debug|Any CPU
		{D1C3BADA-73AC-41B7-B6D0-629C3B75BBD0}.Debug|ARM.ActiveCfg = Debug|Any CPU
		{D1C3BADA-73AC-41B7-B6D0-629C3B75BBD0}.Debug|x64.ActiveCfg = Debug|Any CPU
		{D1C3BADA-73AC-41B7-B6D0-629C3B75BBD0}.Debug|x86.ActiveCfg = Debug|Any CPU
		{D1C3BADA-73AC-41B7-B6D0-629C3B75BBD0}.Release|Any CPU.ActiveCfg = Release|Any CPU
		{D1C3BADA-73AC-41B7-B6D0-629C3B75BBD0}.Release|Any CPU.Build.0 = Release|Any CPU
		{D1C3BADA-73AC-41B7-B6D0-629C3B75BBD0}.Release|ARM.ActiveCfg = Release|Any CPU
		{D1C3BADA-73AC-41B7-B6D0-629C3B75BBD0}.Release|x64.ActiveCfg = Release|Any CPU
		{D1C3BADA-73AC-41B7-B6D0-629C3B75BBD0}.Release|x86.ActiveCfg = Release|Any CPU
		{17B0CC1F-2BFB-4B17-A1D2-4F800962A475}.Debug|Any CPU.ActiveCfg = Debug|Any CPU
		{17B0CC1F-2BFB-4B17-A1D2-4F800962A475}.Debug|Any CPU.Build.0 = Debug|Any CPU
		{17B0CC1F-2BFB-4B17-A1D2-4F800962A475}.Debug|ARM.ActiveCfg = Debug|Any CPU
		{17B0CC1F-2BFB-4B17-A1D2-4F800962A475}.Debug|x64.ActiveCfg = Debug|Any CPU
		{17B0CC1F-2BFB-4B17-A1D2-4F800962A475}.Debug|x86.ActiveCfg = Debug|Any CPU
		{17B0CC1F-2BFB-4B17-A1D2-4F800962A475}.Release|Any CPU.ActiveCfg = Release|Any CPU
		{17B0CC1F-2BFB-4B17-A1D2-4F800962A475}.Release|Any CPU.Build.0 = Release|Any CPU
		{17B0CC1F-2BFB-4B17-A1D2-4F800962A475}.Release|ARM.ActiveCfg = Release|Any CPU
		{17B0CC1F-2BFB-4B17-A1D2-4F800962A475}.Release|x64.ActiveCfg = Release|Any CPU
		{17B0CC1F-2BFB-4B17-A1D2-4F800962A475}.Release|x86.ActiveCfg = Release|Any CPU
		{AA7BB3E4-6146-432A-A472-5A5319050EE4}.Debug|Any CPU.ActiveCfg = Debug|Any CPU
		{AA7BB3E4-6146-432A-A472-5A5319050EE4}.Debug|Any CPU.Build.0 = Debug|Any CPU
		{AA7BB3E4-6146-432A-A472-5A5319050EE4}.Debug|ARM.ActiveCfg = Debug|Any CPU
		{AA7BB3E4-6146-432A-A472-5A5319050EE4}.Debug|x64.ActiveCfg = Debug|Any CPU
		{AA7BB3E4-6146-432A-A472-5A5319050EE4}.Debug|x86.ActiveCfg = Debug|Any CPU
		{AA7BB3E4-6146-432A-A472-5A5319050EE4}.Release|Any CPU.ActiveCfg = Release|Any CPU
		{AA7BB3E4-6146-432A-A472-5A5319050EE4}.Release|Any CPU.Build.0 = Release|Any CPU
		{AA7BB3E4-6146-432A-A472-5A5319050EE4}.Release|ARM.ActiveCfg = Release|Any CPU
		{AA7BB3E4-6146-432A-A472-5A5319050EE4}.Release|x64.ActiveCfg = Release|Any CPU
		{AA7BB3E4-6146-432A-A472-5A5319050EE4}.Release|x86.ActiveCfg = Release|Any CPU
	EndGlobalSection
	GlobalSection(SolutionProperties) = preSolution
		HideSolutionNode = FALSE
	EndGlobalSection
EndGlobal
